hash: dcb1688e780fcec59b934a0ff2c789aba838aa6a8b16be8353b9f85c97089307
updated: 2017-09-01T23:16:33.381125348+08:00
imports:
- name: github.com/golang/groupcache
  version: b710c8433bd175204919eb38776e944233235d03
  subpackages:
  - singleflight
- name: github.com/miekg/dns
  version: e4205768578dc90c2669e75a2f8a8bf77e3083a4
testImports: []
